
Microsoft Visual Studio Solution File, Format Version 12.00
# Visual Studio Version 17
VisualStudioVersion = 17.3.32901.215
MinimumVisualStudioVersion = 10.0.40219.1
Project("{FAE04EC0-301F-11D3-BF4B-00C04F79EFBC}") = "list koleksiyonu1-826", "list koleksiyonu1-826\list koleksiyonu1-826.csproj", "{A85B58D6-7D95-4929-A118-EF98F122E4BB}"
EndProject
Global
	GlobalSection(SolutionConfigurationPlatforms) = preSolution
		Debug|Any CPU = Debug|Any CPU
		Release|Any CPU = Release|Any CPU
	EndGlobalSection
	GlobalSection(ProjectConfigurationPlatforms) = postSolution
		{A85B58D6-7D95-4929-A118-EF98F122E4BB}.Debug|Any CPU.ActiveCfg = Debug|Any CPU
		{A85B58D6-7D95-4929-A118-EF98F122E4BB}.Debug|Any CPU.Build.0 = Debug|Any CPU
		{A85B58D6-7D95-4929-A118-EF98F122E4BB}.Release|Any CPU.ActiveCfg = Release|Any CPU
		{A85B58D6-7D95-4929-A118-EF98F122E4BB}.Release|Any CPU.Build.0 = Release|Any CPU
	EndGlobalSection
	GlobalSection(SolutionProperties) = preSolution
		HideSolutionNode = FALSE
	EndGlobalSection
	GlobalSection(ExtensibilityGlobals) = postSolution
		SolutionGuid = {BCA86A75-16DA-4811-B919-6BAC0425916E}
	EndGlobalSection
EndGlobal
